// !$*UTF8*$!
{
	archiveVersion = 1;
	classes = {
	};
	objectVersion = 46;
	objects = {

/* Begin PBXBuildFile section */
		4C8BE4CC1B39CF7A002EA137 /* main.cpp in Sources */ = {isa = PBXBuildFile; fileRef = 4C8BE4CB1B39CF7A002EA137 /* main.cpp */; };
/* End PBXBuildFile section */

/* Begin PBXCopyFilesBuildPhase section */
		4C8BE4C61B39CF7A002EA137 /* CopyFiles */ = {
			isa = PBXCopyFilesBuildPhase;
			buildActionMask = 2147483647;
			dstPath = /usr/share/man/man1/;
			dstSubfolderSpec = 0;
			files = (
			);
			runOnlyForDeploymentPostprocessing = 1;
		};
/* End PBXCopyFilesBuildPhase section */

/* Begin PBXFileReference section */
		4C8BE4C81B39CF7A002EA137 /* satellite_simulation_1_xcode */ = {isa = PBXFileReference; explicitFileType = "compiled.mach-o.executable"; includeInIndex = 0; path = satellite_simulation_1_xcode; sourceTree = BUILT_PRODUCTS_DIR; };
		4C8BE4CB1B39CF7A002EA137 /* main.cpp */ = {isa = PBXFileReference; lastKnownFileType = sourcecode.cpp.cpp; path = main.cpp; sourceTree = "<group>"; };
/* End PBXFileReference section */

/* Begin PBXFrameworksBuildPhase section */
		4C8BE4C51B39CF7A002EA137 /* Frameworks */ = {
			isa = PBXFrameworksBuildPhase;
			buildActionMask = 2147483647;
			files = (
			);
			runOnlyForDeploymentPostprocessing = 0;
		};
/* End PBXFrameworksBuildPhase section */

/* Begin PBXGroup section */
		4C8BE4BF1B39CF7A002EA137 = {
			isa = PBXGroup;
			children = (
				4C8BE4CA1B39CF7A002EA137 /* satellite_simulation_1_xcode */,
				4C8BE4C91B39CF7A002EA137 /* Products */,
			);
			sourceTree = "<group>";
		};
		4C8BE4C91B39CF7A002EA137 /* Products */ = {
			isa = PBXGroup;
			children = (
				4C8BE4C81B39CF7A002EA137 /* satellite_simulation_1_xcode */,
			);
			name = Products;
			sourceTree = "<group>";
		};
		4C8BE4CA1B39CF7A002EA137 /* satellite_simulation_1_xcode */ = {
			isa = PBXGroup;
			children = (
				4C8BE4CB1B39CF7A002EA137 /* main.cpp */,
			);
			path = satellite_simulation_1_xcode;
			sourceTree = "<group>";
		};
/* End PBXGroup section */

/* Begin PBXNativeTarget section */
		4C8BE4C71B39CF7A002EA137 /* satellite_simulation_1_xcode */ = {
			isa = PBXNativeTarget;
			buildConfigurationList = 4C8BE4CF1B39CF7A002EA137 /* Build configuration list for PBXNativeTarget "satellite_simulation_1_xcode" */;
			buildPhases = (
				4C8BE4C41B39CF7A002EA137 /* Sources */,
				4C8BE4C51B39CF7A002EA137 /* Frameworks */,
				4C8BE4C61B39CF7A002EA137 /* CopyFiles */,
			);
			buildRules = (
			);
			dependencies = (
			);
			name = satellite_simulation_1_xcode;
			productName = satellite_simulation_1_xcode;
			productReference = 4C8BE4C81B39CF7A002EA137 /* satellite_simulation_1_xcode */;
			productType = "com.apple.product-type.tool";
		};
/* End PBXNativeTarget section */

/* Begin PBXProject section */
		4C8BE4C01B39CF7A002EA137 /* Project object */ = {
			isa = PBXProject;
			attributes = {
				LastUpgradeCheck = 0630;
				ORGANIZATIONNAME = DJackson;
				TargetAttributes = {
					4C8BE4C71B39CF7A002EA137 = {
						CreatedOnToolsVersion = 6.3.1;
					};
				};
			};
			buildConfigurationList = 4C8BE4C31B39CF7A002EA137 /* Build configuration list for PBXProject "satellite_simulation_1_xcode" */;
			compatibilityVersion = "Xcode 3.2";
			developmentRegion = English;
			hasScannedForEncodings = 0;
			knownRegions = (
				en,
			);
			mainGroup = 4C8BE4BF1B39CF7A002EA137;
			productRefGroup = 4C8BE4C91B39CF7A002EA137 /* Products */;
			projectDirPath = "";
			projectRoot = "";
			targets = (
				4C8BE4C71B39CF7A002EA137 /* satellite_simulation_1_xcode */,
			);
		};
/* End PBXProject section */

/* Begin PBXSourcesBuildPhase section */
		4C8BE4C41B39CF7A002EA137 /* Sources */ = {
			isa = PBXSourcesBuildPhase;
			buildActionMask = 2147483647;
			files = (
				4C8BE4CC1B39CF7A002EA137 /* main.cpp in Sources */,
			);
			runOnlyForDeploymentPostprocessing = 0;
		};
/* End PBXSourcesBuildPhase section */

/* Begin XCBuildConfiguration section */
		4C8BE4CD1B39CF7A002EA137 /* Debug */ = {
			isa = XCBuildConfiguration;
			buildSettings = {
				ALWAYS_SEARCH_USER_PATHS = NO;
				CLANG_CXX_LANGUAGE_STANDARD = "gnu++0x";
				CLANG_CXX_LIBRARY = "libc++";
				CLANG_ENABLE_MODULES = YES;
				CLANG_ENABLE_OBJC_ARC = YES;
				CLANG_WARN_BOOL_CONVERSION = YES;
				CLANG_WARN_CONSTANT_CONVERSION = YES;
				CLANG_WARN_DIRECT_OBJC_ISA_USAGE = YES_ERROR;
				CLANG_WARN_EMPTY_BODY = YES;
				CLANG_WARN_ENUM_CONVERSION = YES;
				CLANG_WARN_INT_CONVERSION = YES;
				CLANG_WARN_OBJC_ROOT_CLASS = YES_ERROR;
				CLANG_WARN_UNREACHABLE_CODE = YES;
				CLANG_WARN__DUPLICATE_METHOD_MATCH = YES;
				COPY_PHASE_STRIP = NO;
				DEBUG_INFORMATION_FORMAT = dwarf;
				ENABLE_STRICT_OBJC_MSGSEND = YES;
				GCC_C_LANGUAGE_STANDARD = gnu99;
				GCC_DYNAMIC_NO_PIC = NO;
				GCC_NO_COMMON_BLOCKS = YES;
				GCC_OPTIMIZATION_LEVEL = 0;
				GCC_PREPROCESSOR_DEFINITIONS = (
					"DEBUG=1",
					"$(inherited)",
				);
				GCC_SYMBOLS_PRIVATE_EXTERN = NO;
				GCC_WARN_64_TO_32_BIT_CONVERSION = YES;
				GCC_WARN_ABOUT_RETURN_TYPE = YES_ERROR;
				GCC_WARN_UNDECLARED_SELECTOR = YES;
				GCC_WARN_UNINITIALIZED_AUTOS = YES_AGGRESSIVE;
				GCC_WARN_UNUSED_FUNCTION = YES;
				GCC_WARN_UNUSED_VARIABLE = YES;
				MACOSX_DEPLOYMENT_TARGET = 10.10;
				MTL_ENABLE_DEBUG_INFO = YES;
				ONLY_ACTIVE_ARCH = YES;
				SDKROOT = macosx;
			};
			name = Debug;
		};
		4C8BE4CE1B39CF7A002EA137 /* Release */ = {
			isa = XCBuildConfiguration;
			buildSettings = {
				ALWAYS_SEARCH_USER_PATHS = NO;
				CLANG_CXX_LANGUAGE_STANDARD = "gnu++0x";
				CLANG_CXX_LIBRARY = "libc++";
				CLANG_ENABLE_MODULES = YES;
				CLANG_ENABLE_OBJC_ARC = YES;
				CLANG_WARN_BOOL_CONVERSION = YES;
				CLANG_WARN_CONSTANT_CONVERSION = YES;
				CLANG_WARN_DIRECT_OBJC_ISA_USAGE = YES_ERROR;
				CLANG_WARN_EMPTY_BODY = YES;
				CLANG_WARN_ENUM_CONVERSION = YES;
				CLANG_WARN_INT_CONVERSION = YES;
				CLANG_WARN_OBJC_ROOT_CLASS = YES_ERROR;
				CLANG_WARN_UNREACHABLE_CODE = YES;
				CLANG_WARN__DUPLICATE_METHOD_MATCH = YES;
				COPY_PHASE_STRIP = NO;
				DEBUG_INFORMATION_FORMAT = "dwarf-with-dsym";
				ENABLE_NS_ASSERTIONS = NO;
				ENABLE_STRICT_OBJC_MSGSEND = YES;
				GCC_C_LANGUAGE_STANDARD = gnu99;
				GCC_NO_COMMON_BLOCKS = YES;
				GCC_WARN_64_TO_32_BIT_CONVERSION = YES;
				GCC_WARN_ABOUT_RETURN_TYPE = YES_ERROR;
				GCC_WARN_UNDECLARED_SELECTOR = YES;
				GCC_WARN_UNINITIALIZED_AUTOS = YES_AGGRESSIVE;
				GCC_WARN_UNUSED_FUNCTION = YES;
				GCC_WARN_UNUSED_VARIABLE = YES;
				MACOSX_DEPLOYMENT_TARGET = 10.10;
				MTL_ENABLE_DEBUG_INFO = NO;
				SDKROOT = macosx;
			};
			name = Release;
		};
		4C8BE4D01B39CF7A002EA137 /* Debug */ = {
			isa = XCBuildConfiguration;
			buildSettings = {
				PRODUCT_NAME = "$(TARGET_NAME)";
			};
			name = Debug;
		};
		4C8BE4D11B39CF7A002EA137 /* Release */ = {
			isa = XCBuildConfiguration;
			buildSettings = {
				PRODUCT_NAME = "$(TARGET_NAME)";
			};
			name = Release;
		};
/* End XCBuildConfiguration section */

/* Begin XCConfigurationList section */
		4C8BE4C31B39CF7A002EA137 /* Build configuration list for PBXProject "satellite_simulation_1_xcode" */ = {
			isa = XCConfigurationList;
			buildConfigurations = (
				4C8BE4CD1B39CF7A002EA137 /* Debug */,
				4C8BE4CE1B39CF7A002EA137 /* Release */,
			);
			defaultConfigurationIsVisible = 0;
			defaultConfigurationName = Release;
		};
		4C8BE4CF1B39CF7A002EA137 /* Build configuration list for PBXNativeTarget "satellite_simulation_1_xcode" */ = {
			isa = XCConfigurationList;
			buildConfigurations = (
				4C8BE4D01B39CF7A002EA137 /* Debug */,
				4C8BE4D11B39CF7A002EA137 /* Release */,
			);
			defaultConfigurationIsVisible = 0;
		};
/* End XCConfigurationList section */
	};
	rootObject = 4C8BE4C01B39CF7A002EA137 /* Project object */;
}
